
Microsoft Visual Studio Solution File, Format Version 12.00
# Visual Studio 15
Project("{FAE04EC0-301F-11D3-BF4B-00C04F79EFBC}") = "UGUIDraw", "UGUIDraw.csproj", "{7F69A6F4-F980-9691-F35B-35CBE8DF8427}"
EndProject
Global
	GlobalSection(SolutionConfigurationPlatforms) = preSolution
		Debug|Any CPU = Debug|Any CPU
		Release|Any CPU = Release|Any CPU
	EndGlobalSection
	GlobalSection(ProjectConfigurationPlatforms) = postSolution
		{7F69A6F4-F980-9691-F35B-35CBE8DF8427}.Debug|Any CPU.ActiveCfg = Debug|Any CPU
		{7F69A6F4-F980-9691-F35B-35CBE8DF8427}.Debug|Any CPU.Build.0 = Debug|Any CPU
		{7F69A6F4-F980-9691-F35B-35CBE8DF8427}.Release|Any CPU.ActiveCfg = Release|Any CPU
		{7F69A6F4-F980-9691-F35B-35CBE8DF8427}.Release|Any CPU.Build.0 = Release|Any CPU
	EndGlobalSection
	GlobalSection(SolutionProperties) = preSolution
		HideSolutionNode = FALSE
	EndGlobalSection
EndGlobal
